
Microsoft Visual Studio Solution File, Format Version 12.00
# Visual Studio Version 17
VisualStudioVersion = 17.7.34009.444
MinimumVisualStudioVersion = 10.0.40219.1
Project("{FAE04EC0-301F-11D3-BF4B-00C04F79EFBC}") = "LabUserControl", "LabUserControl\LabUserControl.csproj", "{C7612E2B-83DF-4883-98B1-BFAF78DE5639}"
EndProject
Global
	GlobalSection(SolutionConfigurationPlatforms) = preSolution
		Debug|Any CPU = Debug|Any CPU
		Release|Any CPU = Release|Any CPU
	EndGlobalSection
	GlobalSection(ProjectConfigurationPlatforms) = postSolution
		{C7612E2B-83DF-4883-98B1-BFAF78DE5639}.Debug|Any CPU.ActiveCfg = Debug|Any CPU
		{C7612E2B-83DF-4883-98B1-BFAF78DE5639}.Debug|Any CPU.Build.0 = Debug|Any CPU
		{C7612E2B-83DF-4883-98B1-BFAF78DE5639}.Release|Any CPU.ActiveCfg = Release|Any CPU
		{C7612E2B-83DF-4883-98B1-BFAF78DE5639}.Release|Any CPU.Build.0 = Release|Any CPU
	EndGlobalSection
	GlobalSection(SolutionProperties) = preSolution
		HideSolutionNode = FALSE
	EndGlobalSection
	GlobalSection(ExtensibilityGlobals) = postSolution
		SolutionGuid = {1CD2292C-FEF6-4521-84FD-46CCEF45FAC1}
	EndGlobalSection
EndGlobal
